// !$*UTF8*$!
{
	archiveVersion = 1;
	classes = {
	};
	objectVersion = 77;
	objects = {

/* Begin PBXBuildFile section */
		0967F817D2FD02621A037DC7 /* Basic3D.metal in Sources */ = {isa = PBXBuildFile; fileRef = AA1E288D1D8064FB2A0476F2 /* Basic3D.metal */; };
		1BA3ED68E91B55B450764E46 /* Basic2D.metal in Sources */ = {isa = PBXBuildFile; fileRef = 62D51B80429C44D74250EA8B /* Basic2D.metal */; };
		256BA4A7FD0E41DCA0618F18 /* QuartzCore.framework in Frameworks */ = {isa = PBXBuildFile; fileRef = 602ED57BBCCD7F5BFD50E809 /* QuartzCore.framework */; };
		2F92606FD265ED1427E57682 /* CoreText.framework in Frameworks */ = {isa = PBXBuildFile; fileRef = 4C089A8F29612E5654E4B667 /* CoreText.framework */; };
		3E42B48DA07B6C798F1ECF95 /* Metal.framework in Frameworks */ = {isa = PBXBuildFile; fileRef = 30A84F872043EA16A89B4226 /* Metal.framework */; };
		40E5AE30876B3191DBB61C00 /* Test16.cpp in Sources */ = {isa = PBXBuildFile; fileRef = 0ACCAFC7A0C20E7BB3A56257 /* Test16.cpp */; };
		5DFDBE8ECC2C9F4BB572972B /* MetalView.swift in Sources */ = {isa = PBXBuildFile; fileRef = 37CF0052E603D88E5AE3FB21 /* MetalView.swift */; };
		7024B5DAE5335899E849D31E /* ImageIO.framework in Frameworks */ = {isa = PBXBuildFile; fileRef = BC2DC218F460CDE17FBFCFE8 /* ImageIO.framework */; };
		7B5F1B481290CEE5F576163B /* data in Resources */ = {isa = PBXBuildFile; fileRef = 95BD775B14F99A6549470585 /* data */; };
		7B8B9F6DED64D31B4458076E /* MetalKit.framework in Frameworks */ = {isa = PBXBuildFile; fileRef = E6FCB844E51BA53F3D74205D /* MetalKit.framework */; };
		848F84229406BDBBAA119F8E /* PerformanceMonitor.swift in Sources */ = {isa = PBXBuildFile; fileRef = B6AF4FE67DE88A69810282DB /* PerformanceMonitor.swift */; };
		959973BF6C4FCA7F75E5367D /* Accelerate.framework in Frameworks */ = {isa = PBXBuildFile; fileRef = C4C483C8A9211D94F03D69E5 /* Accelerate.framework */; };
		A8671ABCD75D7C2AC5303AB8 /* Cocoa.framework in Frameworks */ = {isa = PBXBuildFile; fileRef = 362EAEAAC8A2B263117A8A6F /* Cocoa.framework */; };
		A920CA7E882F5A2AB16D55D0 /* resources in Resources */ = {isa = PBXBuildFile; fileRef = 76BCAFC6E5E6D73CCF8E356D /* resources */; };
		CC0528BCE4D46BB18054B0A5 /* CoreGraphics.framework in Frameworks */ = {isa = PBXBuildFile; fileRef = BF3333821B803BE375F52A4B /* CoreGraphics.framework */; };
		EDEAA04151BC7530D7A6F5F6 /* App.swift in Sources */ = {isa = PBXBuildFile; fileRef = CA0A4FE678380107F661181B /* App.swift */; };
/* End PBXBuildFile section */

/* Begin PBXFileReference section */
		0ACCAFC7A0C20E7BB3A56257 /* Test16.cpp */ = {isa = PBXFileReference; lastKnownFileType = sourcecode.cpp.cpp; path = Test16.cpp; sourceTree = "<group>"; };
		1B8A4E2DD2DEB81894ED7B1D /* test16.app */ = {isa = PBXFileReference; explicitFileType = wrapper.application; includeInIndex = 0; path = test16.app; sourceTree = BUILT_PRODUCTS_DIR; };
		30A84F872043EA16A89B4226 /* Metal.framework */ = {isa = PBXFileReference; lastKnownFileType = wrapper.framework; name = Metal.framework; path = System/Library/Frameworks/Metal.framework; sourceTree = SDKROOT; };
		362EAEAAC8A2B263117A8A6F /* Cocoa.framework */ = {isa = PBXFileReference; lastKnownFileType = wrapper.framework; name = Cocoa.framework; path = System/Library/Frameworks/Cocoa.framework; sourceTree = SDKROOT; };
		37CF0052E603D88E5AE3FB21 /* MetalView.swift */ = {isa = PBXFileReference; lastKnownFileType = sourcecode.swift; path = MetalView.swift; sourceTree = "<group>"; };
		4C089A8F29612E5654E4B667 /* CoreText.framework */ = {isa = PBXFileReference; lastKnownFileType = wrapper.framework; name = CoreText.framework; path = System/Library/Frameworks/CoreText.framework; sourceTree = SDKROOT; };
		602ED57BBCCD7F5BFD50E809 /* QuartzCore.framework */ = {isa = PBXFileReference; lastKnownFileType = wrapper.framework; name = QuartzCore.framework; path = System/Library/Frameworks/QuartzCore.framework; sourceTree = SDKROOT; };
		62D51B80429C44D74250EA8B /* Basic2D.metal */ = {isa = PBXFileReference; lastKnownFileType = sourcecode.metal; path = Basic2D.metal; sourceTree = "<group>"; };
		76BCAFC6E5E6D73CCF8E356D /* resources */ = {isa = PBXFileReference; lastKnownFileType = folder; path = resources; sourceTree = SOURCE_ROOT; };
		95BD775B14F99A6549470585 /* data */ = {isa = PBXFileReference; lastKnownFileType = folder; path = data; sourceTree = SOURCE_ROOT; };
		AA1E288D1D8064FB2A0476F2 /* Basic3D.metal */ = {isa = PBXFileReference; lastKnownFileType = sourcecode.metal; path = Basic3D.metal; sourceTree = "<group>"; };
		B68319CD754AAC6B5900F105 /* Test16.h */ = {isa = PBXFileReference; lastKnownFileType = sourcecode.c.h; path = Test16.h; sourceTree = "<group>"; };
		B6AF4FE67DE88A69810282DB /* PerformanceMonitor.swift */ = {isa = PBXFileReference; lastKnownFileType = sourcecode.swift; path = PerformanceMonitor.swift; sourceTree = "<group>"; };
		BC2DC218F460CDE17FBFCFE8 /* ImageIO.framework */ = {isa = PBXFileReference; lastKnownFileType = wrapper.framework; name = ImageIO.framework; path = System/Library/Frameworks/ImageIO.framework; sourceTree = SDKROOT; };
		BF3333821B803BE375F52A4B /* CoreGraphics.framework */ = {isa = PBXFileReference; lastKnownFileType = wrapper.framework; name = CoreGraphics.framework; path = System/Library/Frameworks/CoreGraphics.framework; sourceTree = SDKROOT; };
		C4C483C8A9211D94F03D69E5 /* Accelerate.framework */ = {isa = PBXFileReference; lastKnownFileType = wrapper.framework; name = Accelerate.framework; path = System/Library/Frameworks/Accelerate.framework; sourceTree = SDKROOT; };
		CA0A4FE678380107F661181B /* App.swift */ = {isa = PBXFileReference; lastKnownFileType = sourcecode.swift; path = App.swift; sourceTree = "<group>"; };
		E6FCB844E51BA53F3D74205D /* MetalKit.framework */ = {isa = PBXFileReference; lastKnownFileType = wrapper.framework; name = MetalKit.framework; path = System/Library/Frameworks/MetalKit.framework; sourceTree = SDKROOT; };
/* End PBXFileReference section */

/* Begin PBXFrameworksBuildPhase section */
		44AD17653613464B66EBF081 /* Frameworks */ = {
			isa = PBXFrameworksBuildPhase;
			buildActionMask = 2147483647;
			files = (
				A8671ABCD75D7C2AC5303AB8 /* Cocoa.framework in Frameworks */,
				3E42B48DA07B6C798F1ECF95 /* Metal.framework in Frameworks */,
				7B8B9F6DED64D31B4458076E /* MetalKit.framework in Frameworks */,
				256BA4A7FD0E41DCA0618F18 /* QuartzCore.framework in Frameworks */,
				CC0528BCE4D46BB18054B0A5 /* CoreGraphics.framework in Frameworks */,
				2F92606FD265ED1427E57682 /* CoreText.framework in Frameworks */,
				7024B5DAE5335899E849D31E /* ImageIO.framework in Frameworks */,
				959973BF6C4FCA7F75E5367D /* Accelerate.framework in Frameworks */,
			);
			runOnlyForDeploymentPostprocessing = 0;
		};
/* End PBXFrameworksBuildPhase section */

/* Begin PBXGroup section */
		12CCD399F6236D4833A4F998 /* Frameworks */ = {
			isa = PBXGroup;
			children = (
				C4C483C8A9211D94F03D69E5 /* Accelerate.framework */,
				362EAEAAC8A2B263117A8A6F /* Cocoa.framework */,
				BF3333821B803BE375F52A4B /* CoreGraphics.framework */,
				4C089A8F29612E5654E4B667 /* CoreText.framework */,
				BC2DC218F460CDE17FBFCFE8 /* ImageIO.framework */,
				30A84F872043EA16A89B4226 /* Metal.framework */,
				E6FCB844E51BA53F3D74205D /* MetalKit.framework */,
				602ED57BBCCD7F5BFD50E809 /* QuartzCore.framework */,
			);
			name = Frameworks;
			sourceTree = "<group>";
		};
		519EB7DC2C13FC8748BDFE15 /* shaders */ = {
			isa = PBXGroup;
			children = (
				62D51B80429C44D74250EA8B /* Basic2D.metal */,
				AA1E288D1D8064FB2A0476F2 /* Basic3D.metal */,
			);
			name = shaders;
			path = ../../shaders;
			sourceTree = "<group>";
		};
		8C046B8B0EC2D2BB06A89752 = {
			isa = PBXGroup;
			children = (
				95BD775B14F99A6549470585 /* data */,
				76BCAFC6E5E6D73CCF8E356D /* resources */,
				519EB7DC2C13FC8748BDFE15 /* shaders */,
				DCB3853EB4875D603D246E6E /* src */,
				12CCD399F6236D4833A4F998 /* Frameworks */,
				C3ED9DD64FEE9F9A859115AE /* Products */,
			);
			sourceTree = "<group>";
		};
		C3ED9DD64FEE9F9A859115AE /* Products */ = {
			isa = PBXGroup;
			children = (
				1B8A4E2DD2DEB81894ED7B1D /* test16.app */,
			);
			name = Products;
			sourceTree = "<group>";
		};
		DCB3853EB4875D603D246E6E /* src */ = {
			isa = PBXGroup;
			children = (
				CA0A4FE678380107F661181B /* App.swift */,
				37CF0052E603D88E5AE3FB21 /* MetalView.swift */,
				B6AF4FE67DE88A69810282DB /* PerformanceMonitor.swift */,
				0ACCAFC7A0C20E7BB3A56257 /* Test16.cpp */,
				B68319CD754AAC6B5900F105 /* Test16.h */,
			);
			path = src;
			sourceTree = "<group>";
		};
/* End PBXGroup section */

/* Begin PBXNativeTarget section */
		57A429AC8F5EE04F97AC4126 /* test16 */ = {
			isa = PBXNativeTarget;
			buildConfigurationList = D1EF4A047AED7B1719F2F2EF /* Build configuration list for PBXNativeTarget "test16" */;
			buildPhases = (
				71BBA8DFCAD35E06C0E6EF49 /* Sources */,
				238B7DC19A2D96245BA7A397 /* Resources */,
				44AD17653613464B66EBF081 /* Frameworks */,
			);
			buildRules = (
			);
			dependencies = (
			);
			name = test16;
			packageProductDependencies = (
			);
			productName = test16;
			productReference = 1B8A4E2DD2DEB81894ED7B1D /* test16.app */;
			productType = "com.apple.product-type.application";
		};
/* End PBXNativeTarget section */

/* Begin PBXProject section */
		9B5F085AA6918108E57503A5 /* Project object */ = {
			isa = PBXProject;
			attributes = {
				BuildIndependentTargetsInParallel = YES;
				LastUpgradeCheck = 1430;
			};
			buildConfigurationList = 29E26026DDE1D5C65BA4124F /* Build configuration list for PBXProject "test16" */;
			compatibilityVersion = "Xcode 14.0";
			developmentRegion = en;
			hasScannedForEncodings = 0;
			knownRegions = (
				Base,
				en,
			);
			mainGroup = 8C046B8B0EC2D2BB06A89752;
			minimizedProjectReferenceProxies = 1;
			preferredProjectObjectVersion = 77;
			projectDirPath = "";
			projectRoot = "";
			targets = (
				57A429AC8F5EE04F97AC4126 /* test16 */,
			);
		};
/* End PBXProject section */

/* Begin PBXResourcesBuildPhase section */
		238B7DC19A2D96245BA7A397 /* Resources */ = {
			isa = PBXResourcesBuildPhase;
			buildActionMask = 2147483647;
			files = (
				7B5F1B481290CEE5F576163B /* data in Resources */,
				A920CA7E882F5A2AB16D55D0 /* resources in Resources */,
			);
			runOnlyForDeploymentPostprocessing = 0;
		};
/* End PBXResourcesBuildPhase section */

/* Begin PBXSourcesBuildPhase section */
		71BBA8DFCAD35E06C0E6EF49 /* Sources */ = {
			isa = PBXSourcesBuildPhase;
			buildActionMask = 2147483647;
			files = (
				EDEAA04151BC7530D7A6F5F6 /* App.swift in Sources */,
				1BA3ED68E91B55B450764E46 /* Basic2D.metal in Sources */,
				0967F817D2FD02621A037DC7 /* Basic3D.metal in Sources */,
				5DFDBE8ECC2C9F4BB572972B /* MetalView.swift in Sources */,
				848F84229406BDBBAA119F8E /* PerformanceMonitor.swift in Sources */,
				40E5AE30876B3191DBB61C00 /* Test16.cpp in Sources */,
			);
			runOnlyForDeploymentPostprocessing = 0;
		};
/* End PBXSourcesBuildPhase section */

/* Begin XCBuildConfiguration section */
		5F639D5B5C465F36A4BEA29C /* Release */ = {
			isa = XCBuildConfiguration;
			buildSettings = {
				ASSETCATALOG_COMPILER_APPICON_NAME = AppIcon;
				CLANG_CXX_LANGUAGE_STANDARD = "c++20";
				CLANG_CXX_LIBRARY = "libc++";
				CODE_SIGNING_ALLOWED = NO;
				CODE_SIGNING_REQUIRED = NO;
				CODE_SIGN_IDENTITY = "";
				COMBINE_HIDPI_IMAGES = YES;
				ENABLE_HARDENED_RUNTIME = NO;
				HEADER_SEARCH_PATHS = (
					"$(PROJECT_DIR)/../../src",
				);
				INFOPLIST_FILE = resources/Info.plist;
				LD_RUNPATH_SEARCH_PATHS = (
					"$(inherited)",
					"@executable_path/../Frameworks",
				);
				LIBRARY_SEARCH_PATHS = (
					"$(PROJECT_DIR)/../../build",
					"$(PROJECT_DIR)/../../build/third_party",
				);
				MTL_COMPILER_FLAGS = "-fmodules-cache-path=/tmp/oflike_metal_module_cache";
				MTL_ENABLE_DEBUG_INFO = NO;
				OTHER_LDFLAGS = (
					"-loflike-metal",
					"-ltess2",
					"-loscpack",
					"-lpugixml",
				);
				PRODUCT_BUNDLE_IDENTIFIER = com.example.test16;
				SDKROOT = macosx;
				SWIFT_OBJC_BRIDGING_HEADER = "$(PROJECT_DIR)/../../src/platform/bridge/oflike-metal-Bridging-Header.h";
				SWIFT_VERSION = 5.9;
			};
			name = Release;
		};
		6E603CFE8A743FA27EB683D8 /* Debug */ = {
			isa = XCBuildConfiguration;
			buildSettings = {
				ASSETCATALOG_COMPILER_APPICON_NAME = AppIcon;
				CLANG_CXX_LANGUAGE_STANDARD = "c++20";
				CLANG_CXX_LIBRARY = "libc++";
				CODE_SIGNING_ALLOWED = NO;
				CODE_SIGNING_REQUIRED = NO;
				CODE_SIGN_IDENTITY = "";
				COMBINE_HIDPI_IMAGES = YES;
				ENABLE_HARDENED_RUNTIME = NO;
				HEADER_SEARCH_PATHS = (
					"$(PROJECT_DIR)/../../src",
				);
				INFOPLIST_FILE = resources/Info.plist;
				LD_RUNPATH_SEARCH_PATHS = (
					"$(inherited)",
					"@executable_path/../Frameworks",
				);
				LIBRARY_SEARCH_PATHS = (
					"$(PROJECT_DIR)/../../build",
					"$(PROJECT_DIR)/../../build/third_party",
				);
				MTL_COMPILER_FLAGS = "-fmodules-cache-path=/tmp/oflike_metal_module_cache";
				MTL_ENABLE_DEBUG_INFO = NO;
				OTHER_LDFLAGS = (
					"-loflike-metal",
					"-ltess2",
					"-loscpack",
					"-lpugixml",
				);
				PRODUCT_BUNDLE_IDENTIFIER = com.example.test16;
				SDKROOT = macosx;
				SWIFT_OBJC_BRIDGING_HEADER = "$(PROJECT_DIR)/../../src/platform/bridge/oflike-metal-Bridging-Header.h";
				SWIFT_VERSION = 5.9;
			};
			name = Debug;
		};
		888B8061B972036C5E96FA24 /* Debug */ = {
			isa = XCBuildConfiguration;
			buildSettings = {
				ALWAYS_SEARCH_USER_PATHS = NO;
				CLANG_ANALYZER_NONNULL = YES;
				CLANG_ANALYZER_NUMBER_OBJECT_CONVERSION = YES_AGGRESSIVE;
				CLANG_CXX_LANGUAGE_STANDARD = "gnu++14";
				CLANG_CXX_LIBRARY = "libc++";
				CLANG_ENABLE_MODULES = YES;
				CLANG_ENABLE_OBJC_ARC = YES;
				CLANG_ENABLE_OBJC_WEAK = YES;
				CLANG_WARN_BLOCK_CAPTURE_AUTORELEASING = YES;
				CLANG_WARN_BOOL_CONVERSION = YES;
				CLANG_WARN_COMMA = YES;
				CLANG_WARN_CONSTANT_CONVERSION = YES;
				CLANG_WARN_DEPRECATED_OBJC_IMPLEMENTATIONS = YES;
				CLANG_WARN_DIRECT_OBJC_ISA_USAGE = YES_ERROR;
				CLANG_WARN_DOCUMENTATION_COMMENTS = YES;
				CLANG_WARN_EMPTY_BODY = YES;
				CLANG_WARN_ENUM_CONVERSION = YES;
				CLANG_WARN_INFINITE_RECURSION = YES;
				CLANG_WARN_INT_CONVERSION = YES;
				CLANG_WARN_NON_LITERAL_NULL_CONVERSION = YES;
				CLANG_WARN_OBJC_IMPLICIT_RETAIN_SELF = YES;
				CLANG_WARN_OBJC_LITERAL_CONVERSION = YES;
				CLANG_WARN_OBJC_ROOT_CLASS = YES_ERROR;
				CLANG_WARN_QUOTED_INCLUDE_IN_FRAMEWORK_HEADER = YES;
				CLANG_WARN_RANGE_LOOP_ANALYSIS = YES;
				CLANG_WARN_STRICT_PROTOTYPES = YES;
				CLANG_WARN_SUSPICIOUS_MOVE = YES;
				CLANG_WARN_UNGUARDED_AVAILABILITY = YES_AGGRESSIVE;
				CLANG_WARN_UNREACHABLE_CODE = YES;
				CLANG_WARN__DUPLICATE_METHOD_MATCH = YES;
				COPY_PHASE_STRIP = NO;
				DEBUG_INFORMATION_FORMAT = dwarf;
				ENABLE_STRICT_OBJC_MSGSEND = YES;
				ENABLE_TESTABILITY = YES;
				GCC_C_LANGUAGE_STANDARD = gnu11;
				GCC_DYNAMIC_NO_PIC = NO;
				GCC_NO_COMMON_BLOCKS = YES;
				GCC_OPTIMIZATION_LEVEL = 0;
				GCC_PREPROCESSOR_DEFINITIONS = (
					"$(inherited)",
					"DEBUG=1",
				);
				GCC_WARN_64_TO_32_BIT_CONVERSION = YES;
				GCC_WARN_ABOUT_RETURN_TYPE = YES_ERROR;
				GCC_WARN_UNDECLARED_SELECTOR = YES;
				GCC_WARN_UNINITIALIZED_AUTOS = YES_AGGRESSIVE;
				GCC_WARN_UNUSED_FUNCTION = YES;
				GCC_WARN_UNUSED_VARIABLE = YES;
				MACOSX_DEPLOYMENT_TARGET = 13.0;
				MTL_ENABLE_DEBUG_INFO = INCLUDE_SOURCE;
				MTL_FAST_MATH = YES;
				ONLY_ACTIVE_ARCH = YES;
				PRODUCT_NAME = "$(TARGET_NAME)";
				SDKROOT = macosx;
				SWIFT_ACTIVE_COMPILATION_CONDITIONS = DEBUG;
				SWIFT_OPTIMIZATION_LEVEL = "-Onone";
				SWIFT_VERSION = 5.0;
			};
			name = Debug;
		};
		8E460C6803767FB5A9EDCCC9 /* Release */ = {
			isa = XCBuildConfiguration;
			buildSettings = {
				ALWAYS_SEARCH_USER_PATHS = NO;
				CLANG_ANALYZER_NONNULL = YES;
				CLANG_ANALYZER_NUMBER_OBJECT_CONVERSION = YES_AGGRESSIVE;
				CLANG_CXX_LANGUAGE_STANDARD = "gnu++14";
				CLANG_CXX_LIBRARY = "libc++";
				CLANG_ENABLE_MODULES = YES;
				CLANG_ENABLE_OBJC_ARC = YES;
				CLANG_ENABLE_OBJC_WEAK = YES;
				CLANG_WARN_BLOCK_CAPTURE_AUTORELEASING = YES;
				CLANG_WARN_BOOL_CONVERSION = YES;
				CLANG_WARN_COMMA = YES;
				CLANG_WARN_CONSTANT_CONVERSION = YES;
				CLANG_WARN_DEPRECATED_OBJC_IMPLEMENTATIONS = YES;
				CLANG_WARN_DIRECT_OBJC_ISA_USAGE = YES_ERROR;
				CLANG_WARN_DOCUMENTATION_COMMENTS = YES;
				CLANG_WARN_EMPTY_BODY = YES;
				CLANG_WARN_ENUM_CONVERSION = YES;
				CLANG_WARN_INFINITE_RECURSION = YES;
				CLANG_WARN_INT_CONVERSION = YES;
				CLANG_WARN_NON_LITERAL_NULL_CONVERSION = YES;
				CLANG_WARN_OBJC_IMPLICIT_RETAIN_SELF = YES;
				CLANG_WARN_OBJC_LITERAL_CONVERSION = YES;
				CLANG_WARN_OBJC_ROOT_CLASS = YES_ERROR;
				CLANG_WARN_QUOTED_INCLUDE_IN_FRAMEWORK_HEADER = YES;
				CLANG_WARN_RANGE_LOOP_ANALYSIS = YES;
				CLANG_WARN_STRICT_PROTOTYPES = YES;
				CLANG_WARN_SUSPICIOUS_MOVE = YES;
				CLANG_WARN_UNGUARDED_AVAILABILITY = YES_AGGRESSIVE;
				CLANG_WARN_UNREACHABLE_CODE = YES;
				CLANG_WARN__DUPLICATE_METHOD_MATCH = YES;
				COPY_PHASE_STRIP = NO;
				DEBUG_INFORMATION_FORMAT = "dwarf-with-dsym";
				ENABLE_NS_ASSERTIONS = NO;
				ENABLE_STRICT_OBJC_MSGSEND = YES;
				GCC_C_LANGUAGE_STANDARD = gnu11;
				GCC_NO_COMMON_BLOCKS = YES;
				GCC_WARN_64_TO_32_BIT_CONVERSION = YES;
				GCC_WARN_ABOUT_RETURN_TYPE = YES_ERROR;
				GCC_WARN_UNDECLARED_SELECTOR = YES;
				GCC_WARN_UNINITIALIZED_AUTOS = YES_AGGRESSIVE;
				GCC_WARN_UNUSED_FUNCTION = YES;
				GCC_WARN_UNUSED_VARIABLE = YES;
				MACOSX_DEPLOYMENT_TARGET = 13.0;
				MTL_ENABLE_DEBUG_INFO = NO;
				MTL_FAST_MATH = YES;
				PRODUCT_NAME = "$(TARGET_NAME)";
				SDKROOT = macosx;
				SWIFT_COMPILATION_MODE = wholemodule;
				SWIFT_OPTIMIZATION_LEVEL = "-O";
				SWIFT_VERSION = 5.0;
			};
			name = Release;
		};
/* End XCBuildConfiguration section */

/* Begin XCConfigurationList section */
		29E26026DDE1D5C65BA4124F /* Build configuration list for PBXProject "test16" */ = {
			isa = XCConfigurationList;
			buildConfigurations = (
				888B8061B972036C5E96FA24 /* Debug */,
				8E460C6803767FB5A9EDCCC9 /* Release */,
			);
			defaultConfigurationIsVisible = 0;
			defaultConfigurationName = Debug;
		};
		D1EF4A047AED7B1719F2F2EF /* Build configuration list for PBXNativeTarget "test16" */ = {
			isa = XCConfigurationList;
			buildConfigurations = (
				6E603CFE8A743FA27EB683D8 /* Debug */,
				5F639D5B5C465F36A4BEA29C /* Release */,
			);
			defaultConfigurationIsVisible = 0;
			defaultConfigurationName = Debug;
		};
/* End XCConfigurationList section */
	};
	rootObject = 9B5F085AA6918108E57503A5 /* Project object */;
}
