// !$*UTF8*$!
{
	archiveVersion = 1;
	classes = {
	};
	objectVersion = 77;
	objects = {

/* Begin PBXBuildFile section */
		0326046D5081E08525234C42 /* App.swift in Sources */ = {isa = PBXBuildFile; fileRef = 10A7DF00FDD59F1B0C166962 /* App.swift */; };
		0B3F84F3D6FDD4FD97AE5D15 /* TestPhase4.cpp in Sources */ = {isa = PBXBuildFile; fileRef = 25F9CEAC9CD82AFBB8D235A9 /* TestPhase4.cpp */; };
		2D56B52872313E2ADC6E129C /* Metal.framework in Frameworks */ = {isa = PBXBuildFile; fileRef = 755C5B177AEE731AA0C88D31 /* Metal.framework */; };
		2F5E82115AC34E421AE0DA0A /* MetalView.swift in Sources */ = {isa = PBXBuildFile; fileRef = 0746C7F443048A94937A4300 /* MetalView.swift */; };
		52E0A57BE1659F12C440F6B0 /* CoreText.framework in Frameworks */ = {isa = PBXBuildFile; fileRef = 9CF64CDD2FC093A533259CED /* CoreText.framework */; };
		6F8DD7B8590B11117705789D /* AVFoundation.framework in Frameworks */ = {isa = PBXBuildFile; fileRef = 2E7D5AAD93C02DBC5A4AC2FE /* AVFoundation.framework */; };
		7DD7E1B5E1737F3AA4A71047 /* Accelerate.framework in Frameworks */ = {isa = PBXBuildFile; fileRef = CB229B22BCD6C07AA4FF9364 /* Accelerate.framework */; };
		89322C038838064A8B3BF7C4 /* QuartzCore.framework in Frameworks */ = {isa = PBXBuildFile; fileRef = A863CD0BE69FE91F1F31F8FE /* QuartzCore.framework */; };
		97F847BD936505AEB742400A /* Basic2D.metal in Sources */ = {isa = PBXBuildFile; fileRef = 1996B3BC19EE8AF7A8484AB6 /* Basic2D.metal */; };
		9CBA7EF0453F7A426FAEA60C /* MetalKit.framework in Frameworks */ = {isa = PBXBuildFile; fileRef = 714C0A5210C5C60339DEEEF8 /* MetalKit.framework */; };
		AA38B5F5AB117104A509551F /* PerformanceMonitor.swift in Sources */ = {isa = PBXBuildFile; fileRef = FE00232F7A8B7CF78EA8F78D /* PerformanceMonitor.swift */; };
		AD27C240D7A1E769EFB57320 /* ImageIO.framework in Frameworks */ = {isa = PBXBuildFile; fileRef = 2CF61CFBD4CB51FAEFBA3BC6 /* ImageIO.framework */; };
		BCBEFC8479253FB9F4D80BF9 /* data in Resources */ = {isa = PBXBuildFile; fileRef = 0BBB73ED37620875C38B79D7 /* data */; };
		BD243998BF9435AAFD21E354 /* Basic3D.metal in Sources */ = {isa = PBXBuildFile; fileRef = 4DBD4D3036E7AFFE5DBBBAD3 /* Basic3D.metal */; };
		C67B230D76F7940FE4B126B8 /* CoreVideo.framework in Frameworks */ = {isa = PBXBuildFile; fileRef = 932FB06A0286735E0FA88C48 /* CoreVideo.framework */; };
		CCDCB58C1D18B784B5797630 /* Cocoa.framework in Frameworks */ = {isa = PBXBuildFile; fileRef = AD85928BAF027346C44CEB91 /* Cocoa.framework */; };
		D103557FED14F3A14979695A /* resources in Resources */ = {isa = PBXBuildFile; fileRef = 70854273F7138909C1B4607C /* resources */; };
		E554C37423B6C35B6765BED4 /* CoreGraphics.framework in Frameworks */ = {isa = PBXBuildFile; fileRef = E028DE5251AB69F1D83786C4 /* CoreGraphics.framework */; };
		F6625507021F5AD68D9E5523 /* CoreMedia.framework in Frameworks */ = {isa = PBXBuildFile; fileRef = 9A33F9930DB3C6A353CFA683 /* CoreMedia.framework */; };
/* End PBXBuildFile section */

/* Begin PBXFileReference section */
		0746C7F443048A94937A4300 /* MetalView.swift */ = {isa = PBXFileReference; lastKnownFileType = sourcecode.swift; path = MetalView.swift; sourceTree = "<group>"; };
		0BBB73ED37620875C38B79D7 /* data */ = {isa = PBXFileReference; lastKnownFileType = folder; path = data; sourceTree = SOURCE_ROOT; };
		10A7DF00FDD59F1B0C166962 /* App.swift */ = {isa = PBXFileReference; lastKnownFileType = sourcecode.swift; path = App.swift; sourceTree = "<group>"; };
		1996B3BC19EE8AF7A8484AB6 /* Basic2D.metal */ = {isa = PBXFileReference; lastKnownFileType = sourcecode.metal; path = Basic2D.metal; sourceTree = "<group>"; };
		25F9CEAC9CD82AFBB8D235A9 /* TestPhase4.cpp */ = {isa = PBXFileReference; lastKnownFileType = sourcecode.cpp.cpp; path = TestPhase4.cpp; sourceTree = "<group>"; };
		2CF61CFBD4CB51FAEFBA3BC6 /* ImageIO.framework */ = {isa = PBXFileReference; lastKnownFileType = wrapper.framework; name = ImageIO.framework; path = System/Library/Frameworks/ImageIO.framework; sourceTree = SDKROOT; };
		2E7D5AAD93C02DBC5A4AC2FE /* AVFoundation.framework */ = {isa = PBXFileReference; lastKnownFileType = wrapper.framework; name = AVFoundation.framework; path = System/Library/Frameworks/AVFoundation.framework; sourceTree = SDKROOT; };
		4DBD4D3036E7AFFE5DBBBAD3 /* Basic3D.metal */ = {isa = PBXFileReference; lastKnownFileType = sourcecode.metal; path = Basic3D.metal; sourceTree = "<group>"; };
		70854273F7138909C1B4607C /* resources */ = {isa = PBXFileReference; lastKnownFileType = folder; path = resources; sourceTree = SOURCE_ROOT; };
		714C0A5210C5C60339DEEEF8 /* MetalKit.framework */ = {isa = PBXFileReference; lastKnownFileType = wrapper.framework; name = MetalKit.framework; path = System/Library/Frameworks/MetalKit.framework; sourceTree = SDKROOT; };
		755C5B177AEE731AA0C88D31 /* Metal.framework */ = {isa = PBXFileReference; lastKnownFileType = wrapper.framework; name = Metal.framework; path = System/Library/Frameworks/Metal.framework; sourceTree = SDKROOT; };
		85AA21F663E2B8F815801DF1 /* TestPhase4.h */ = {isa = PBXFileReference; lastKnownFileType = sourcecode.c.h; path = TestPhase4.h; sourceTree = "<group>"; };
		932FB06A0286735E0FA88C48 /* CoreVideo.framework */ = {isa = PBXFileReference; lastKnownFileType = wrapper.framework; name = CoreVideo.framework; path = System/Library/Frameworks/CoreVideo.framework; sourceTree = SDKROOT; };
		9A33F9930DB3C6A353CFA683 /* CoreMedia.framework */ = {isa = PBXFileReference; lastKnownFileType = wrapper.framework; name = CoreMedia.framework; path = System/Library/Frameworks/CoreMedia.framework; sourceTree = SDKROOT; };
		9CF64CDD2FC093A533259CED /* CoreText.framework */ = {isa = PBXFileReference; lastKnownFileType = wrapper.framework; name = CoreText.framework; path = System/Library/Frameworks/CoreText.framework; sourceTree = SDKROOT; };
		A863CD0BE69FE91F1F31F8FE /* QuartzCore.framework */ = {isa = PBXFileReference; lastKnownFileType = wrapper.framework; name = QuartzCore.framework; path = System/Library/Frameworks/QuartzCore.framework; sourceTree = SDKROOT; };
		AD85928BAF027346C44CEB91 /* Cocoa.framework */ = {isa = PBXFileReference; lastKnownFileType = wrapper.framework; name = Cocoa.framework; path = System/Library/Frameworks/Cocoa.framework; sourceTree = SDKROOT; };
		CB229B22BCD6C07AA4FF9364 /* Accelerate.framework */ = {isa = PBXFileReference; lastKnownFileType = wrapper.framework; name = Accelerate.framework; path = System/Library/Frameworks/Accelerate.framework; sourceTree = SDKROOT; };
		D7BE0AB60FDA8029121542E4 /* test_phase4.app */ = {isa = PBXFileReference; explicitFileType = wrapper.application; includeInIndex = 0; path = test_phase4.app; sourceTree = BUILT_PRODUCTS_DIR; };
		E028DE5251AB69F1D83786C4 /* CoreGraphics.framework */ = {isa = PBXFileReference; lastKnownFileType = wrapper.framework; name = CoreGraphics.framework; path = System/Library/Frameworks/CoreGraphics.framework; sourceTree = SDKROOT; };
		FE00232F7A8B7CF78EA8F78D /* PerformanceMonitor.swift */ = {isa = PBXFileReference; lastKnownFileType = sourcecode.swift; path = PerformanceMonitor.swift; sourceTree = "<group>"; };
/* End PBXFileReference section */

/* Begin PBXFrameworksBuildPhase section */
		9AA18D0F7393B5D9AA2280A6 /* Frameworks */ = {
			isa = PBXFrameworksBuildPhase;
			buildActionMask = 2147483647;
			files = (
				CCDCB58C1D18B784B5797630 /* Cocoa.framework in Frameworks */,
				2D56B52872313E2ADC6E129C /* Metal.framework in Frameworks */,
				9CBA7EF0453F7A426FAEA60C /* MetalKit.framework in Frameworks */,
				89322C038838064A8B3BF7C4 /* QuartzCore.framework in Frameworks */,
				E554C37423B6C35B6765BED4 /* CoreGraphics.framework in Frameworks */,
				52E0A57BE1659F12C440F6B0 /* CoreText.framework in Frameworks */,
				AD27C240D7A1E769EFB57320 /* ImageIO.framework in Frameworks */,
				7DD7E1B5E1737F3AA4A71047 /* Accelerate.framework in Frameworks */,
				6F8DD7B8590B11117705789D /* AVFoundation.framework in Frameworks */,
				F6625507021F5AD68D9E5523 /* CoreMedia.framework in Frameworks */,
				C67B230D76F7940FE4B126B8 /* CoreVideo.framework in Frameworks */,
			);
			runOnlyForDeploymentPostprocessing = 0;
		};
/* End PBXFrameworksBuildPhase section */

/* Begin PBXGroup section */
		6E5258B229FE228FFFFC0984 = {
			isa = PBXGroup;
			children = (
				0BBB73ED37620875C38B79D7 /* data */,
				70854273F7138909C1B4607C /* resources */,
				AF437EB89B28B8D57D38CF28 /* shaders */,
				96FE27C8B7BB40A47DC23A41 /* src */,
				CACABE8B06E3EE79D70B8F0B /* Frameworks */,
				83B566D140FBB4A8B0B0A6D7 /* Products */,
			);
			sourceTree = "<group>";
		};
		83B566D140FBB4A8B0B0A6D7 /* Products */ = {
			isa = PBXGroup;
			children = (
				D7BE0AB60FDA8029121542E4 /* test_phase4.app */,
			);
			name = Products;
			sourceTree = "<group>";
		};
		96FE27C8B7BB40A47DC23A41 /* src */ = {
			isa = PBXGroup;
			children = (
				10A7DF00FDD59F1B0C166962 /* App.swift */,
				0746C7F443048A94937A4300 /* MetalView.swift */,
				FE00232F7A8B7CF78EA8F78D /* PerformanceMonitor.swift */,
				25F9CEAC9CD82AFBB8D235A9 /* TestPhase4.cpp */,
				85AA21F663E2B8F815801DF1 /* TestPhase4.h */,
			);
			path = src;
			sourceTree = "<group>";
		};
		AF437EB89B28B8D57D38CF28 /* shaders */ = {
			isa = PBXGroup;
			children = (
				1996B3BC19EE8AF7A8484AB6 /* Basic2D.metal */,
				4DBD4D3036E7AFFE5DBBBAD3 /* Basic3D.metal */,
			);
			name = shaders;
			path = ../../shaders;
			sourceTree = "<group>";
		};
		CACABE8B06E3EE79D70B8F0B /* Frameworks */ = {
			isa = PBXGroup;
			children = (
				CB229B22BCD6C07AA4FF9364 /* Accelerate.framework */,
				2E7D5AAD93C02DBC5A4AC2FE /* AVFoundation.framework */,
				AD85928BAF027346C44CEB91 /* Cocoa.framework */,
				E028DE5251AB69F1D83786C4 /* CoreGraphics.framework */,
				9A33F9930DB3C6A353CFA683 /* CoreMedia.framework */,
				9CF64CDD2FC093A533259CED /* CoreText.framework */,
				932FB06A0286735E0FA88C48 /* CoreVideo.framework */,
				2CF61CFBD4CB51FAEFBA3BC6 /* ImageIO.framework */,
				755C5B177AEE731AA0C88D31 /* Metal.framework */,
				714C0A5210C5C60339DEEEF8 /* MetalKit.framework */,
				A863CD0BE69FE91F1F31F8FE /* QuartzCore.framework */,
			);
			name = Frameworks;
			sourceTree = "<group>";
		};
/* End PBXGroup section */

/* Begin PBXNativeTarget section */
		B222FE79471F9A6558F83F6D /* test_phase4 */ = {
			isa = PBXNativeTarget;
			buildConfigurationList = D382CED426247F1AAFE02672 /* Build configuration list for PBXNativeTarget "test_phase4" */;
			buildPhases = (
				3DA3736378B9A9254BD730B5 /* Sources */,
				4F9FE1CC3182EEDD2422647E /* Resources */,
				9AA18D0F7393B5D9AA2280A6 /* Frameworks */,
			);
			buildRules = (
			);
			dependencies = (
			);
			name = test_phase4;
			packageProductDependencies = (
			);
			productName = test_phase4;
			productReference = D7BE0AB60FDA8029121542E4 /* test_phase4.app */;
			productType = "com.apple.product-type.application";
		};
/* End PBXNativeTarget section */

/* Begin PBXProject section */
		7D656EA5ACAD4D8FD9DBFEDC /* Project object */ = {
			isa = PBXProject;
			attributes = {
				BuildIndependentTargetsInParallel = YES;
				LastUpgradeCheck = 1430;
			};
			buildConfigurationList = 848A381BF1AF3E61E0EB3798 /* Build configuration list for PBXProject "test_phase4" */;
			compatibilityVersion = "Xcode 14.0";
			developmentRegion = en;
			hasScannedForEncodings = 0;
			knownRegions = (
				Base,
				en,
			);
			mainGroup = 6E5258B229FE228FFFFC0984;
			minimizedProjectReferenceProxies = 1;
			preferredProjectObjectVersion = 77;
			projectDirPath = "";
			projectRoot = "";
			targets = (
				B222FE79471F9A6558F83F6D /* test_phase4 */,
			);
		};
/* End PBXProject section */

/* Begin PBXResourcesBuildPhase section */
		4F9FE1CC3182EEDD2422647E /* Resources */ = {
			isa = PBXResourcesBuildPhase;
			buildActionMask = 2147483647;
			files = (
				BCBEFC8479253FB9F4D80BF9 /* data in Resources */,
				D103557FED14F3A14979695A /* resources in Resources */,
			);
			runOnlyForDeploymentPostprocessing = 0;
		};
/* End PBXResourcesBuildPhase section */

/* Begin PBXSourcesBuildPhase section */
		3DA3736378B9A9254BD730B5 /* Sources */ = {
			isa = PBXSourcesBuildPhase;
			buildActionMask = 2147483647;
			files = (
				0326046D5081E08525234C42 /* App.swift in Sources */,
				97F847BD936505AEB742400A /* Basic2D.metal in Sources */,
				BD243998BF9435AAFD21E354 /* Basic3D.metal in Sources */,
				2F5E82115AC34E421AE0DA0A /* MetalView.swift in Sources */,
				AA38B5F5AB117104A509551F /* PerformanceMonitor.swift in Sources */,
				0B3F84F3D6FDD4FD97AE5D15 /* TestPhase4.cpp in Sources */,
			);
			runOnlyForDeploymentPostprocessing = 0;
		};
/* End PBXSourcesBuildPhase section */

/* Begin XCBuildConfiguration section */
		5FB67129D1733F4FBE277571 /* Release */ = {
			isa = XCBuildConfiguration;
			buildSettings = {
				ALWAYS_SEARCH_USER_PATHS = NO;
				CLANG_ANALYZER_NONNULL = YES;
				CLANG_ANALYZER_NUMBER_OBJECT_CONVERSION = YES_AGGRESSIVE;
				CLANG_CXX_LANGUAGE_STANDARD = "gnu++14";
				CLANG_CXX_LIBRARY = "libc++";
				CLANG_ENABLE_MODULES = YES;
				CLANG_ENABLE_OBJC_ARC = YES;
				CLANG_ENABLE_OBJC_WEAK = YES;
				CLANG_WARN_BLOCK_CAPTURE_AUTORELEASING = YES;
				CLANG_WARN_BOOL_CONVERSION = YES;
				CLANG_WARN_COMMA = YES;
				CLANG_WARN_CONSTANT_CONVERSION = YES;
				CLANG_WARN_DEPRECATED_OBJC_IMPLEMENTATIONS = YES;
				CLANG_WARN_DIRECT_OBJC_ISA_USAGE = YES_ERROR;
				CLANG_WARN_DOCUMENTATION_COMMENTS = YES;
				CLANG_WARN_EMPTY_BODY = YES;
				CLANG_WARN_ENUM_CONVERSION = YES;
				CLANG_WARN_INFINITE_RECURSION = YES;
				CLANG_WARN_INT_CONVERSION = YES;
				CLANG_WARN_NON_LITERAL_NULL_CONVERSION = YES;
				CLANG_WARN_OBJC_IMPLICIT_RETAIN_SELF = YES;
				CLANG_WARN_OBJC_LITERAL_CONVERSION = YES;
				CLANG_WARN_OBJC_ROOT_CLASS = YES_ERROR;
				CLANG_WARN_QUOTED_INCLUDE_IN_FRAMEWORK_HEADER = YES;
				CLANG_WARN_RANGE_LOOP_ANALYSIS = YES;
				CLANG_WARN_STRICT_PROTOTYPES = YES;
				CLANG_WARN_SUSPICIOUS_MOVE = YES;
				CLANG_WARN_UNGUARDED_AVAILABILITY = YES_AGGRESSIVE;
				CLANG_WARN_UNREACHABLE_CODE = YES;
				CLANG_WARN__DUPLICATE_METHOD_MATCH = YES;
				COPY_PHASE_STRIP = NO;
				DEBUG_INFORMATION_FORMAT = "dwarf-with-dsym";
				ENABLE_NS_ASSERTIONS = NO;
				ENABLE_STRICT_OBJC_MSGSEND = YES;
				GCC_C_LANGUAGE_STANDARD = gnu11;
				GCC_NO_COMMON_BLOCKS = YES;
				GCC_WARN_64_TO_32_BIT_CONVERSION = YES;
				GCC_WARN_ABOUT_RETURN_TYPE = YES_ERROR;
				GCC_WARN_UNDECLARED_SELECTOR = YES;
				GCC_WARN_UNINITIALIZED_AUTOS = YES_AGGRESSIVE;
				GCC_WARN_UNUSED_FUNCTION = YES;
				GCC_WARN_UNUSED_VARIABLE = YES;
				MACOSX_DEPLOYMENT_TARGET = 13.0;
				MTL_ENABLE_DEBUG_INFO = NO;
				MTL_FAST_MATH = YES;
				PRODUCT_NAME = "$(TARGET_NAME)";
				SDKROOT = macosx;
				SWIFT_COMPILATION_MODE = wholemodule;
				SWIFT_OPTIMIZATION_LEVEL = "-O";
				SWIFT_VERSION = 5.0;
			};
			name = Release;
		};
		9F6E3796D654764F4F6BEA7A /* Debug */ = {
			isa = XCBuildConfiguration;
			buildSettings = {
				ALWAYS_SEARCH_USER_PATHS = NO;
				CLANG_ANALYZER_NONNULL = YES;
				CLANG_ANALYZER_NUMBER_OBJECT_CONVERSION = YES_AGGRESSIVE;
				CLANG_CXX_LANGUAGE_STANDARD = "gnu++14";
				CLANG_CXX_LIBRARY = "libc++";
				CLANG_ENABLE_MODULES = YES;
				CLANG_ENABLE_OBJC_ARC = YES;
				CLANG_ENABLE_OBJC_WEAK = YES;
				CLANG_WARN_BLOCK_CAPTURE_AUTORELEASING = YES;
				CLANG_WARN_BOOL_CONVERSION = YES;
				CLANG_WARN_COMMA = YES;
				CLANG_WARN_CONSTANT_CONVERSION = YES;
				CLANG_WARN_DEPRECATED_OBJC_IMPLEMENTATIONS = YES;
				CLANG_WARN_DIRECT_OBJC_ISA_USAGE = YES_ERROR;
				CLANG_WARN_DOCUMENTATION_COMMENTS = YES;
				CLANG_WARN_EMPTY_BODY = YES;
				CLANG_WARN_ENUM_CONVERSION = YES;
				CLANG_WARN_INFINITE_RECURSION = YES;
				CLANG_WARN_INT_CONVERSION = YES;
				CLANG_WARN_NON_LITERAL_NULL_CONVERSION = YES;
				CLANG_WARN_OBJC_IMPLICIT_RETAIN_SELF = YES;
				CLANG_WARN_OBJC_LITERAL_CONVERSION = YES;
				CLANG_WARN_OBJC_ROOT_CLASS = YES_ERROR;
				CLANG_WARN_QUOTED_INCLUDE_IN_FRAMEWORK_HEADER = YES;
				CLANG_WARN_RANGE_LOOP_ANALYSIS = YES;
				CLANG_WARN_STRICT_PROTOTYPES = YES;
				CLANG_WARN_SUSPICIOUS_MOVE = YES;
				CLANG_WARN_UNGUARDED_AVAILABILITY = YES_AGGRESSIVE;
				CLANG_WARN_UNREACHABLE_CODE = YES;
				CLANG_WARN__DUPLICATE_METHOD_MATCH = YES;
				COPY_PHASE_STRIP = NO;
				DEBUG_INFORMATION_FORMAT = dwarf;
				ENABLE_STRICT_OBJC_MSGSEND = YES;
				ENABLE_TESTABILITY = YES;
				GCC_C_LANGUAGE_STANDARD = gnu11;
				GCC_DYNAMIC_NO_PIC = NO;
				GCC_NO_COMMON_BLOCKS = YES;
				GCC_OPTIMIZATION_LEVEL = 0;
				GCC_PREPROCESSOR_DEFINITIONS = (
					"$(inherited)",
					"DEBUG=1",
				);
				GCC_WARN_64_TO_32_BIT_CONVERSION = YES;
				GCC_WARN_ABOUT_RETURN_TYPE = YES_ERROR;
				GCC_WARN_UNDECLARED_SELECTOR = YES;
				GCC_WARN_UNINITIALIZED_AUTOS = YES_AGGRESSIVE;
				GCC_WARN_UNUSED_FUNCTION = YES;
				GCC_WARN_UNUSED_VARIABLE = YES;
				MACOSX_DEPLOYMENT_TARGET = 13.0;
				MTL_ENABLE_DEBUG_INFO = INCLUDE_SOURCE;
				MTL_FAST_MATH = YES;
				ONLY_ACTIVE_ARCH = YES;
				PRODUCT_NAME = "$(TARGET_NAME)";
				SDKROOT = macosx;
				SWIFT_ACTIVE_COMPILATION_CONDITIONS = DEBUG;
				SWIFT_OPTIMIZATION_LEVEL = "-Onone";
				SWIFT_VERSION = 5.0;
			};
			name = Debug;
		};
		C58EEA51782812A49F7B1CDC /* Debug */ = {
			isa = XCBuildConfiguration;
			buildSettings = {
				ASSETCATALOG_COMPILER_APPICON_NAME = AppIcon;
				CLANG_CXX_LANGUAGE_STANDARD = "c++20";
				CLANG_CXX_LIBRARY = "libc++";
				CODE_SIGNING_ALLOWED = NO;
				CODE_SIGNING_REQUIRED = NO;
				CODE_SIGN_IDENTITY = "";
				COMBINE_HIDPI_IMAGES = YES;
				ENABLE_HARDENED_RUNTIME = NO;
				HEADER_SEARCH_PATHS = (
					"$(PROJECT_DIR)/../../src",
				);
				INFOPLIST_FILE = resources/Info.plist;
				LD_RUNPATH_SEARCH_PATHS = (
					"$(inherited)",
					"@executable_path/../Frameworks",
				);
				LIBRARY_SEARCH_PATHS = (
					"$(PROJECT_DIR)/../../build",
					"$(PROJECT_DIR)/../../build/third_party",
				);
				MTL_COMPILER_FLAGS = "-fmodules-cache-path=/tmp/oflike_metal_module_cache";
				MTL_ENABLE_DEBUG_INFO = NO;
				OTHER_LDFLAGS = (
					"-loflike-metal",
					"-ltess2",
					"-loscpack",
					"-lpugixml",
				);
				PRODUCT_BUNDLE_IDENTIFIER = com.oflike.test_phase4;
				SDKROOT = macosx;
				SWIFT_OBJC_BRIDGING_HEADER = "$(PROJECT_DIR)/../../src/platform/bridge/oflike-metal-Bridging-Header.h";
				SWIFT_VERSION = 5.9;
			};
			name = Debug;
		};
		CFE1814EED89EDAE5A18B47B /* Release */ = {
			isa = XCBuildConfiguration;
			buildSettings = {
				ASSETCATALOG_COMPILER_APPICON_NAME = AppIcon;
				CLANG_CXX_LANGUAGE_STANDARD = "c++20";
				CLANG_CXX_LIBRARY = "libc++";
				CODE_SIGNING_ALLOWED = NO;
				CODE_SIGNING_REQUIRED = NO;
				CODE_SIGN_IDENTITY = "";
				COMBINE_HIDPI_IMAGES = YES;
				ENABLE_HARDENED_RUNTIME = NO;
				HEADER_SEARCH_PATHS = (
					"$(PROJECT_DIR)/../../src",
				);
				INFOPLIST_FILE = resources/Info.plist;
				LD_RUNPATH_SEARCH_PATHS = (
					"$(inherited)",
					"@executable_path/../Frameworks",
				);
				LIBRARY_SEARCH_PATHS = (
					"$(PROJECT_DIR)/../../build",
					"$(PROJECT_DIR)/../../build/third_party",
				);
				MTL_COMPILER_FLAGS = "-fmodules-cache-path=/tmp/oflike_metal_module_cache";
				MTL_ENABLE_DEBUG_INFO = NO;
				OTHER_LDFLAGS = (
					"-loflike-metal",
					"-ltess2",
					"-loscpack",
					"-lpugixml",
				);
				PRODUCT_BUNDLE_IDENTIFIER = com.oflike.test_phase4;
				SDKROOT = macosx;
				SWIFT_OBJC_BRIDGING_HEADER = "$(PROJECT_DIR)/../../src/platform/bridge/oflike-metal-Bridging-Header.h";
				SWIFT_VERSION = 5.9;
			};
			name = Release;
		};
/* End XCBuildConfiguration section */

/* Begin XCConfigurationList section */
		848A381BF1AF3E61E0EB3798 /* Build configuration list for PBXProject "test_phase4" */ = {
			isa = XCConfigurationList;
			buildConfigurations = (
				9F6E3796D654764F4F6BEA7A /* Debug */,
				5FB67129D1733F4FBE277571 /* Release */,
			);
			defaultConfigurationIsVisible = 0;
			defaultConfigurationName = Debug;
		};
		D382CED426247F1AAFE02672 /* Build configuration list for PBXNativeTarget "test_phase4" */ = {
			isa = XCConfigurationList;
			buildConfigurations = (
				C58EEA51782812A49F7B1CDC /* Debug */,
				CFE1814EED89EDAE5A18B47B /* Release */,
			);
			defaultConfigurationIsVisible = 0;
			defaultConfigurationName = Debug;
		};
/* End XCConfigurationList section */
	};
	rootObject = 7D656EA5ACAD4D8FD9DBFEDC /* Project object */;
}
